
Microsoft Visual Studio Solution File, Format Version 12.00
# Visual Studio Version 17
VisualStudioVersion = 17.4.33213.308
MinimumVisualStudioVersion = 10.0.40219.1
Project("{2150E333-8FDC-42A3-9474-1A3956D46DE8}") = "Source", "Source", "{A7EC93B8-8E6E-49FA-A809-CB8A3E2881DF}"
EndProject
Project("{2150E333-8FDC-42A3-9474-1A3956D46DE8}") = "Core", "Core", "{2724928D-8B39-4F14-BCCD-76698D12FAE2}"
EndProject
Project("{2150E333-8FDC-42A3-9474-1A3956D46DE8}") = "Infrastructure", "Infrastructure", "{B1EC6923-A69B-4D1D-9965-09B99F07D83A}"
EndProject
Project("{2150E333-8FDC-42A3-9474-1A3956D46DE8}") = "Presentation", "Presentation", "{F180BAFF-8FEB-4BDB-8F14-5C2723A0F306}"
EndProject
Project("{2150E333-8FDC-42A3-9474-1A3956D46DE8}") = "Application", "Application", "{D9379B83-2BCC-4F4C-B2F6-97A7DF421542}"
EndProject
Project("{2150E333-8FDC-42A3-9474-1A3956D46DE8}") = "Domain", "Domain", "{9412AC87-2554-4C5A-A674-D151C92BF86D}"
EndProject
Project("{2150E333-8FDC-42A3-9474-1A3956D46DE8}") = "Shared", "Shared", "{EBC23F51-28C8-4B5F-A745-D7E317B77D02}"
EndProject
Project("{2150E333-8FDC-42A3-9474-1A3956D46DE8}") = "Presistence", "Presistence", "{C7487235-59D0-4A5F-97B2-00BACC306AAA}"
EndProject
Project("{2150E333-8FDC-42A3-9474-1A3956D46DE8}") = "Web App", "Web App", "{71424FFE-D8BA-4B62-9B45-C3A81CBCEB6A}"
EndProject
Project("{9A19103F-16F7-4668-BE54-9A1E7A4F7556}") = "SocialNet.Core.Application", "SocialNet.Core.Application\SocialNet.Core.Application.csproj", "{8FA0A694-0194-4F95-A6AF-CF9EE6FBABB1}"
EndProject
Project("{9A19103F-16F7-4668-BE54-9A1E7A4F7556}") = "SocialNet.Core.Domain", "SocialNet.Core.Domain\SocialNet.Core.Domain.csproj", "{34064BA1-AEFB-4571-8793-0691C391D782}"
EndProject
Project("{9A19103F-16F7-4668-BE54-9A1E7A4F7556}") = "SocialNet.Infrastructure.Persistence", "SocialNet.Infrastructure.Persistence\SocialNet.Infrastructure.Persistence.csproj", "{E3DBEA67-216D-4551-9863-1B1A343CDBCB}"
EndProject
Project("{9A19103F-16F7-4668-BE54-9A1E7A4F7556}") = "SocialNet.Infrastructure.Shared", "SocialNet.Infrastructure.Shared\SocialNet.Infrastructure.Shared.csproj", "{83B1DC67-DD10-4A3B-A415-62D663EAF1BB}"
EndProject
Project("{9A19103F-16F7-4668-BE54-9A1E7A4F7556}") = "SocialNet.Presentation.Web", "SocialNet.Presentation.Web\SocialNet.Presentation.Web.csproj", "{2D913CC9-F545-4DD5-ABA5-219D41D5D614}"
EndProject
Global
	GlobalSection(SolutionConfigurationPlatforms) = preSolution
		Debug|Any CPU = Debug|Any CPU
		Release|Any CPU = Release|Any CPU
	EndGlobalSection
	GlobalSection(ProjectConfigurationPlatforms) = postSolution
		{8FA0A694-0194-4F95-A6AF-CF9EE6FBABB1}.Debug|Any CPU.ActiveCfg = Debug|Any CPU
		{8FA0A694-0194-4F95-A6AF-CF9EE6FBABB1}.Debug|Any CPU.Build.0 = Debug|Any CPU
		{8FA0A694-0194-4F95-A6AF-CF9EE6FBABB1}.Release|Any CPU.ActiveCfg = Release|Any CPU
		{8FA0A694-0194-4F95-A6AF-CF9EE6FBABB1}.Release|Any CPU.Build.0 = Release|Any CPU
		{34064BA1-AEFB-4571-8793-0691C391D782}.Debug|Any CPU.ActiveCfg = Debug|Any CPU
		{34064BA1-AEFB-4571-8793-0691C391D782}.Debug|Any CPU.Build.0 = Debug|Any CPU
		{34064BA1-AEFB-4571-8793-0691C391D782}.Release|Any CPU.ActiveCfg = Release|Any CPU
		{34064BA1-AEFB-4571-8793-0691C391D782}.Release|Any CPU.Build.0 = Release|Any CPU
		{E3DBEA67-216D-4551-9863-1B1A343CDBCB}.Debug|Any CPU.ActiveCfg = Debug|Any CPU
		{E3DBEA67-216D-4551-9863-1B1A343CDBCB}.Debug|Any CPU.Build.0 = Debug|Any CPU
		{E3DBEA67-216D-4551-9863-1B1A343CDBCB}.Release|Any CPU.ActiveCfg = Release|Any CPU
		{E3DBEA67-216D-4551-9863-1B1A343CDBCB}.Release|Any CPU.Build.0 = Release|Any CPU
		{83B1DC67-DD10-4A3B-A415-62D663EAF1BB}.Debug|Any CPU.ActiveCfg = Debug|Any CPU
		{83B1DC67-DD10-4A3B-A415-62D663EAF1BB}.Debug|Any CPU.Build.0 = Debug|Any CPU
		{83B1DC67-DD10-4A3B-A415-62D663EAF1BB}.Release|Any CPU.ActiveCfg = Release|Any CPU
		{83B1DC67-DD10-4A3B-A415-62D663EAF1BB}.Release|Any CPU.Build.0 = Release|Any CPU
		{2D913CC9-F545-4DD5-ABA5-219D41D5D614}.Debug|Any CPU.ActiveCfg = Debug|Any CPU
		{2D913CC9-F545-4DD5-ABA5-219D41D5D614}.Debug|Any CPU.Build.0 = Debug|Any CPU
		{2D913CC9-F545-4DD5-ABA5-219D41D5D614}.Release|Any CPU.ActiveCfg = Release|Any CPU
		{2D913CC9-F545-4DD5-ABA5-219D41D5D614}.Release|Any CPU.Build.0 = Release|Any CPU
	EndGlobalSection
	GlobalSection(SolutionProperties) = preSolution
		HideSolutionNode = FALSE
	EndGlobalSection
	GlobalSection(NestedProjects) = preSolution
		{2724928D-8B39-4F14-BCCD-76698D12FAE2} = {A7EC93B8-8E6E-49FA-A809-CB8A3E2881DF}
		{B1EC6923-A69B-4D1D-9965-09B99F07D83A} = {A7EC93B8-8E6E-49FA-A809-CB8A3E2881DF}
		{F180BAFF-8FEB-4BDB-8F14-5C2723A0F306} = {A7EC93B8-8E6E-49FA-A809-CB8A3E2881DF}
		{D9379B83-2BCC-4F4C-B2F6-97A7DF421542} = {2724928D-8B39-4F14-BCCD-76698D12FAE2}
		{9412AC87-2554-4C5A-A674-D151C92BF86D} = {2724928D-8B39-4F14-BCCD-76698D12FAE2}
		{EBC23F51-28C8-4B5F-A745-D7E317B77D02} = {B1EC6923-A69B-4D1D-9965-09B99F07D83A}
		{C7487235-59D0-4A5F-97B2-00BACC306AAA} = {B1EC6923-A69B-4D1D-9965-09B99F07D83A}
		{71424FFE-D8BA-4B62-9B45-C3A81CBCEB6A} = {F180BAFF-8FEB-4BDB-8F14-5C2723A0F306}
		{8FA0A694-0194-4F95-A6AF-CF9EE6FBABB1} = {D9379B83-2BCC-4F4C-B2F6-97A7DF421542}
		{34064BA1-AEFB-4571-8793-0691C391D782} = {9412AC87-2554-4C5A-A674-D151C92BF86D}
		{E3DBEA67-216D-4551-9863-1B1A343CDBCB} = {C7487235-59D0-4A5F-97B2-00BACC306AAA}
		{83B1DC67-DD10-4A3B-A415-62D663EAF1BB} = {EBC23F51-28C8-4B5F-A745-D7E317B77D02}
		{2D913CC9-F545-4DD5-ABA5-219D41D5D614} = {71424FFE-D8BA-4B62-9B45-C3A81CBCEB6A}
	EndGlobalSection
	GlobalSection(ExtensibilityGlobals) = postSolution
		SolutionGuid = {11F3BC6A-83E9-45DB-A30D-DD1BC40495EC}
	EndGlobalSection
EndGlobal
